dependencies:
- name: vault
  repository: https://helm.releases.hashicorp.com
  version: 0.32.0
- name: external-secrets
  repository: https://charts.external-secrets.io
  version: 2.1.0
- name: argo-cd
  repository: https://argoproj.github.io/argo-helm
  version: 9.4.9
- name: tekton-pipeline
  repository: https://cdfoundation.github.io/tekton-helm-chart
  version: 1.9.1
- name: gitea
  repository: https://dl.gitea.com/charts/
  version: 12.5.0
- name: traefik
  repository: https://traefik.github.io/charts
  version: 35.2.0
- name: cert-manager
  repository: https://charts.jetstack.io
  version: v1.17.2
- name: external-dns
  repository: https://kubernetes-sigs.github.io/external-dns
  version: 1.20.0
- name: kube-prometheus-stack
  repository: https://prometheus-community.github.io/helm-charts
  version: 72.6.2
- name: loki
  repository: https://grafana.github.io/helm-charts
  version: 6.29.0
digest: sha256:fe0d7fd06ae103edf9030e71640fdee32d68bd3a2069540b14c03f8ffe9a1882
generated: "2026-03-22T12:48:07.676153934-04:00"
